
Microsoft Visual Studio Solution File, Format Version 12.00
# Visual Studio 2013
VisualStudioVersion = 12.0.40629.0
MinimumVisualStudioVersion = 10.0.40219.1
Project("{FAE04EC0-301F-11D3-BF4B-00C04F79EFBC}") = "BindingFile", "BindingFile\BindingFile.csproj", "{56EC303A-E3F8-437E-8D2A-26CF13C355C7}"
EndProject
Project("{FAE04EC0-301F-11D3-BF4B-00C04F79EFBC}") = "BindingFile.Diagnostics.Rules.Lib", "BindingFile.Diagnostics.Rules.Lib\BindingFile.Diagnostics.Rules.Lib.csproj", "{B5F03745-5B35-4FB8-BB01-FF3113A49BA2}"
EndProject
Project("{2150E333-8FDC-42A3-9474-1A3956D46DE8}") = "BL", "BL", "{634DE322-C8B1-4043-9D68-CAE107F7BA32}"
EndProject
Project("{FAE04EC0-301F-11D3-BF4B-00C04F79EFBC}") = "BindingFile.Diagnostics.Rules.StandardAdapters", "BindingFile.Diagnostics.Rules.Standard\BindingFile.Diagnostics.Rules.StandardAdapters.csproj", "{C1537859-5738-4E0E-9151-91DCC476EAE3}"
EndProject
Project("{FAE04EC0-301F-11D3-BF4B-00C04F79EFBC}") = "BindingFile.Diagnostics.Rules.NSoftwareAdapters", "BindingFile.Diagnostics.Rules.NSoftware\BindingFile.Diagnostics.Rules.NSoftwareAdapters.csproj", "{C416E4C1-6395-48DC-847A-29A067F7A0B2}"
EndProject
Project("{2150E333-8FDC-42A3-9474-1A3956D46DE8}") = "Diagnostics", "Diagnostics", "{A362054C-11B0-46B9-A379-C1363D7733D3}"
EndProject
Project("{FAE04EC0-301F-11D3-BF4B-00C04F79EFBC}") = "BindingFile.Diagnostics.Rules.WebsphereAdapters", "BindingFile.Diagnostics.Rules.Websphere\BindingFile.Diagnostics.Rules.WebsphereAdapters.csproj", "{02CA2928-6BC6-45D8-BB2D-10E7D07B70CF}"
EndProject
Project("{2150E333-8FDC-42A3-9474-1A3956D46DE8}") = "Adapters", "Adapters", "{0912BB4F-E534-4C5E-B7E0-67CADB396C9C}"
EndProject
Project("{FAE04EC0-301F-11D3-BF4B-00C04F79EFBC}") = "BindingFile.Diagnostics.Rules.Generic", "BindingFile.Diagnostics.Rules.Generic\BindingFile.Diagnostics.Rules.Generic.csproj", "{36BFBD51-FEF9-4404-A32A-DEDA95CCCFF8}"
EndProject
Project("{2150E333-8FDC-42A3-9474-1A3956D46DE8}") = "Rules", "Rules", "{A36ED6F9-7F49-444D-BB2D-5F5F303B7E7C}"
EndProject
Project("{2150E333-8FDC-42A3-9474-1A3956D46DE8}") = "Engine", "Engine", "{A7BF14DD-1C32-4276-B629-89ED612DC618}"
EndProject
Project("{FAE04EC0-301F-11D3-BF4B-00C04F79EFBC}") = "BindingFile.Adapters.Lib", "BindingFile.Adapters.Lib\BindingFile.Adapters.Lib.csproj", "{A033010E-FCD5-46F7-84DD-A2876934B50C}"
EndProject
Project("{FAE04EC0-301F-11D3-BF4B-00C04F79EFBC}") = "BindingFile.Adapters.NSoftware", "BindingFile.Adapters.NSoftware\BindingFile.Adapters.NSoftware.csproj", "{4DF6C28D-B7F4-4780-868C-13D127BA24CD}"
EndProject
Project("{FAE04EC0-301F-11D3-BF4B-00C04F79EFBC}") = "BindingFile.Adapters.Standard", "BindingFile.Adapters.Standard\BindingFile.Adapters.Standard.csproj", "{1D46B937-0945-4904-BB0F-9993D703F8BA}"
EndProject
Project("{FAE04EC0-301F-11D3-BF4B-00C04F79EFBC}") = "BindingFile.Adapters.Websphere", "BindingFile.Adapters.Websphere\BindingFile.Adapters.Websphere.csproj", "{0EADFA26-FDA9-46D3-989A-F286C63A94EB}"
EndProject
Project("{FAE04EC0-301F-11D3-BF4B-00C04F79EFBC}") = "BindingFile.Diagnostics.Engine", "BindingFile.Diagnostics.Engine\BindingFile.Diagnostics.Engine.csproj", "{248E5351-6773-4060-811E-FFE2B0C3323C}"
EndProject
Project("{FAE04EC0-301F-11D3-BF4B-00C04F79EFBC}") = "BfDiagUI", "BfDiagUI\BfDiagUI.csproj", "{6DFEA17D-114C-4C2C-BDB6-E6058F07FCE1}"
EndProject
Project("{FAE04EC0-301F-11D3-BF4B-00C04F79EFBC}") = "BindingFile.Diagnostics.Rules.BizTalkConfiguration", "BindingFile.Diagnostics.Rules.BizTalkConfiguration\BindingFile.Diagnostics.Rules.BizTalkConfiguration.csproj", "{9D020DAF-9574-453A-AD89-24DC88EC9B0C}"
EndProject
Project("{FAE04EC0-301F-11D3-BF4B-00C04F79EFBC}") = "BindingFile.Diagnostics.Rules.DeployedArtifacts", "BindingFile.Diagnostics.Rules.Deployed\BindingFile.Diagnostics.Rules.DeployedArtifacts.csproj", "{918F4C16-73F8-4304-8C20-287516A60E31}"
EndProject
Project("{FAE04EC0-301F-11D3-BF4B-00C04F79EFBC}") = "BindingFile.Diagnostics.Rules.DefaultValues", "BindingFile.Diagnostics.Rules.DefaultValues\BindingFile.Diagnostics.Rules.DefaultValues.csproj", "{3FDF1A02-B4C1-48A9-8AE1-69CBCC8F6E84}"
EndProject
Project("{FAE04EC0-301F-11D3-BF4B-00C04F79EFBC}") = "BindingFile.Diagnostics.Rules.SsoAffiliates", "BindingFile.Diagnostics.Rules.SsoAffiliates\BindingFile.Diagnostics.Rules.SsoAffiliates.csproj", "{04E517DE-3E47-47F3-8C1A-FD0F7E6BD797}"
EndProject
Project("{2150E333-8FDC-42A3-9474-1A3956D46DE8}") = "UI", "UI", "{731AB884-82D5-408B-BD6F-FB1738B2525B}"
EndProject
Project("{FAE04EC0-301F-11D3-BF4B-00C04F79EFBC}") = "CustomUIComponents", "CustomUIComponents\CustomUIComponents.csproj", "{DD27F8AB-9F60-45E7-BD8B-05E60BC122B9}"
EndProject
Global
	GlobalSection(SubversionScc) = preSolution
		Svn-Managed = True
		Manager = AnkhSVN - Subversion Support for Visual Studio
	EndGlobalSection
	GlobalSection(SolutionConfigurationPlatforms) = preSolution
		Debug|Any CPU = Debug|Any CPU
		Debug|Mixed Platforms = Debug|Mixed Platforms
		Debug|x86 = Debug|x86
		DebugConsole|Any CPU = DebugConsole|Any CPU
		DebugConsole|Mixed Platforms = DebugConsole|Mixed Platforms
		DebugConsole|x86 = DebugConsole|x86
		Decompiler|Any CPU = Decompiler|Any CPU
		Decompiler|Mixed Platforms = Decompiler|Mixed Platforms
		Decompiler|x86 = Decompiler|x86
		Release|Any CPU = Release|Any CPU
		Release|Mixed Platforms = Release|Mixed Platforms
		Release|x86 = Release|x86
	EndGlobalSection
	GlobalSection(ProjectConfigurationPlatforms) = postSolution
		{56EC303A-E3F8-437E-8D2A-26CF13C355C7}.Debug|Any CPU.ActiveCfg = Debug|Any CPU
		{56EC303A-E3F8-437E-8D2A-26CF13C355C7}.Debug|Any CPU.Build.0 = Debug|Any CPU
		{56EC303A-E3F8-437E-8D2A-26CF13C355C7}.Debug|Mixed Platforms.ActiveCfg = Debug|Any CPU
		{56EC303A-E3F8-437E-8D2A-26CF13C355C7}.Debug|Mixed Platforms.Build.0 = Debug|Any CPU
		{56EC303A-E3F8-437E-8D2A-26CF13C355C7}.Debug|x86.ActiveCfg = Debug|Any CPU
		{56EC303A-E3F8-437E-8D2A-26CF13C355C7}.DebugConsole|Any CPU.ActiveCfg = Debug|Any CPU
		{56EC303A-E3F8-437E-8D2A-26CF13C355C7}.DebugConsole|Any CPU.Build.0 = Debug|Any CPU
		{56EC303A-E3F8-437E-8D2A-26CF13C355C7}.DebugConsole|Mixed Platforms.ActiveCfg = Debug|Any CPU
		{56EC303A-E3F8-437E-8D2A-26CF13C355C7}.DebugConsole|Mixed Platforms.Build.0 = Debug|Any CPU
		{56EC303A-E3F8-437E-8D2A-26CF13C355C7}.DebugConsole|x86.ActiveCfg = Debug|Any CPU
		{56EC303A-E3F8-437E-8D2A-26CF13C355C7}.Decompiler|Any CPU.ActiveCfg = Debug|Any CPU
		{56EC303A-E3F8-437E-8D2A-26CF13C355C7}.Decompiler|Any CPU.Build.0 = Debug|Any CPU
		{56EC303A-E3F8-437E-8D2A-26CF13C355C7}.Decompiler|Mixed Platforms.ActiveCfg = Debug|Any CPU
		{56EC303A-E3F8-437E-8D2A-26CF13C355C7}.Decompiler|Mixed Platforms.Build.0 = Debug|Any CPU
		{56EC303A-E3F8-437E-8D2A-26CF13C355C7}.Decompiler|x86.ActiveCfg = Debug|Any CPU
		{56EC303A-E3F8-437E-8D2A-26CF13C355C7}.Release|Any CPU.ActiveCfg = Release|Any CPU
		{56EC303A-E3F8-437E-8D2A-26CF13C355C7}.Release|Any CPU.Build.0 = Release|Any CPU
		{56EC303A-E3F8-437E-8D2A-26CF13C355C7}.Release|Mixed Platforms.ActiveCfg = Release|Any CPU
		{56EC303A-E3F8-437E-8D2A-26CF13C355C7}.Release|Mixed Platforms.Build.0 = Release|Any CPU
		{56EC303A-E3F8-437E-8D2A-26CF13C355C7}.Release|x86.ActiveCfg = Release|Any CPU
		{B5F03745-5B35-4FB8-BB01-FF3113A49BA2}.Debug|Any CPU.ActiveCfg = Debug|Any CPU
		{B5F03745-5B35-4FB8-BB01-FF3113A49BA2}.Debug|Any CPU.Build.0 = Debug|Any CPU
		{B5F03745-5B35-4FB8-BB01-FF3113A49BA2}.Debug|Mixed Platforms.ActiveCfg = Debug|Any CPU
		{B5F03745-5B35-4FB8-BB01-FF3113A49BA2}.Debug|Mixed Platforms.Build.0 = Debug|Any CPU
		{B5F03745-5B35-4FB8-BB01-FF3113A49BA2}.Debug|x86.ActiveCfg = Debug|Any CPU
		{B5F03745-5B35-4FB8-BB01-FF3113A49BA2}.DebugConsole|Any CPU.ActiveCfg = Debug|Any CPU
		{B5F03745-5B35-4FB8-BB01-FF3113A49BA2}.DebugConsole|Any CPU.Build.0 = Debug|Any CPU
		{B5F03745-5B35-4FB8-BB01-FF3113A49BA2}.DebugConsole|Mixed Platforms.ActiveCfg = Debug|Any CPU
		{B5F03745-5B35-4FB8-BB01-FF3113A49BA2}.DebugConsole|Mixed Platforms.Build.0 = Debug|Any CPU
		{B5F03745-5B35-4FB8-BB01-FF3113A49BA2}.DebugConsole|x86.ActiveCfg = Debug|Any CPU
		{B5F03745-5B35-4FB8-BB01-FF3113A49BA2}.Decompiler|Any CPU.ActiveCfg = Debug|Any CPU
		{B5F03745-5B35-4FB8-BB01-FF3113A49BA2}.Decompiler|Any CPU.Build.0 = Debug|Any CPU
		{B5F03745-5B35-4FB8-BB01-FF3113A49BA2}.Decompiler|Mixed Platforms.ActiveCfg = Debug|Any CPU
		{B5F03745-5B35-4FB8-BB01-FF3113A49BA2}.Decompiler|Mixed Platforms.Build.0 = Debug|Any CPU
		{B5F03745-5B35-4FB8-BB01-FF3113A49BA2}.Decompiler|x86.ActiveCfg = Debug|Any CPU
		{B5F03745-5B35-4FB8-BB01-FF3113A49BA2}.Release|Any CPU.ActiveCfg = Release|Any CPU
		{B5F03745-5B35-4FB8-BB01-FF3113A49BA2}.Release|Any CPU.Build.0 = Release|Any CPU
		{B5F03745-5B35-4FB8-BB01-FF3113A49BA2}.Release|Mixed Platforms.ActiveCfg = Release|Any CPU
		{B5F03745-5B35-4FB8-BB01-FF3113A49BA2}.Release|Mixed Platforms.Build.0 = Release|Any CPU
		{B5F03745-5B35-4FB8-BB01-FF3113A49BA2}.Release|x86.ActiveCfg = Release|Any CPU
		{C1537859-5738-4E0E-9151-91DCC476EAE3}.Debug|Any CPU.ActiveCfg = Debug|Any CPU
		{C1537859-5738-4E0E-9151-91DCC476EAE3}.Debug|Any CPU.Build.0 = Debug|Any CPU
		{C1537859-5738-4E0E-9151-91DCC476EAE3}.Debug|Mixed Platforms.ActiveCfg = Debug|Any CPU
		{C1537859-5738-4E0E-9151-91DCC476EAE3}.Debug|Mixed Platforms.Build.0 = Debug|Any CPU
		{C1537859-5738-4E0E-9151-91DCC476EAE3}.Debug|x86.ActiveCfg = Debug|Any CPU
		{C1537859-5738-4E0E-9151-91DCC476EAE3}.DebugConsole|Any CPU.ActiveCfg = Debug|Any CPU
		{C1537859-5738-4E0E-9151-91DCC476EAE3}.DebugConsole|Any CPU.Build.0 = Debug|Any CPU
		{C1537859-5738-4E0E-9151-91DCC476EAE3}.DebugConsole|Mixed Platforms.ActiveCfg = Debug|Any CPU
		{C1537859-5738-4E0E-9151-91DCC476EAE3}.DebugConsole|Mixed Platforms.Build.0 = Debug|Any CPU
		{C1537859-5738-4E0E-9151-91DCC476EAE3}.DebugConsole|x86.ActiveCfg = Debug|Any CPU
		{C1537859-5738-4E0E-9151-91DCC476EAE3}.Decompiler|Any CPU.ActiveCfg = Debug|Any CPU
		{C1537859-5738-4E0E-9151-91DCC476EAE3}.Decompiler|Any CPU.Build.0 = Debug|Any CPU
		{C1537859-5738-4E0E-9151-91DCC476EAE3}.Decompiler|Mixed Platforms.ActiveCfg = Debug|Any CPU
		{C1537859-5738-4E0E-9151-91DCC476EAE3}.Decompiler|x86.ActiveCfg = Debug|Any CPU
		{C1537859-5738-4E0E-9151-91DCC476EAE3}.Release|Any CPU.ActiveCfg = Release|Any CPU
		{C1537859-5738-4E0E-9151-91DCC476EAE3}.Release|Any CPU.Build.0 = Release|Any CPU
		{C1537859-5738-4E0E-9151-91DCC476EAE3}.Release|Mixed Platforms.ActiveCfg = Release|Any CPU
		{C1537859-5738-4E0E-9151-91DCC476EAE3}.Release|Mixed Platforms.Build.0 = Release|Any CPU
		{C1537859-5738-4E0E-9151-91DCC476EAE3}.Release|x86.ActiveCfg = Release|Any CPU
		{C416E4C1-6395-48DC-847A-29A067F7A0B2}.Debug|Any CPU.ActiveCfg = Debug|Any CPU
		{C416E4C1-6395-48DC-847A-29A067F7A0B2}.Debug|Any CPU.Build.0 = Debug|Any CPU
		{C416E4C1-6395-48DC-847A-29A067F7A0B2}.Debug|Mixed Platforms.ActiveCfg = Debug|Any CPU
		{C416E4C1-6395-48DC-847A-29A067F7A0B2}.Debug|Mixed Platforms.Build.0 = Debug|Any CPU
		{C416E4C1-6395-48DC-847A-29A067F7A0B2}.Debug|x86.ActiveCfg = Debug|Any CPU
		{C416E4C1-6395-48DC-847A-29A067F7A0B2}.DebugConsole|Any CPU.ActiveCfg = Debug|Any CPU
		{C416E4C1-6395-48DC-847A-29A067F7A0B2}.DebugConsole|Any CPU.Build.0 = Debug|Any CPU
		{C416E4C1-6395-48DC-847A-29A067F7A0B2}.DebugConsole|Mixed Platforms.ActiveCfg = Debug|Any CPU
		{C416E4C1-6395-48DC-847A-29A067F7A0B2}.DebugConsole|Mixed Platforms.Build.0 = Debug|Any CPU
		{C416E4C1-6395-48DC-847A-29A067F7A0B2}.DebugConsole|x86.ActiveCfg = Debug|Any CPU
		{C416E4C1-6395-48DC-847A-29A067F7A0B2}.Decompiler|Any CPU.ActiveCfg = Debug|Any CPU
		{C416E4C1-6395-48DC-847A-29A067F7A0B2}.Decompiler|Any CPU.Build.0 = Debug|Any CPU
		{C416E4C1-6395-48DC-847A-29A067F7A0B2}.Decompiler|Mixed Platforms.ActiveCfg = Debug|Any CPU
		{C416E4C1-6395-48DC-847A-29A067F7A0B2}.Decompiler|x86.ActiveCfg = Debug|Any CPU
		{C416E4C1-6395-48DC-847A-29A067F7A0B2}.Release|Any CPU.ActiveCfg = Release|Any CPU
		{C416E4C1-6395-48DC-847A-29A067F7A0B2}.Release|Any CPU.Build.0 = Release|Any CPU
		{C416E4C1-6395-48DC-847A-29A067F7A0B2}.Release|Mixed Platforms.ActiveCfg = Release|Any CPU
		{C416E4C1-6395-48DC-847A-29A067F7A0B2}.Release|Mixed Platforms.Build.0 = Release|Any CPU
		{C416E4C1-6395-48DC-847A-29A067F7A0B2}.Release|x86.ActiveCfg = Release|Any CPU
		{02CA2928-6BC6-45D8-BB2D-10E7D07B70CF}.Debug|Any CPU.ActiveCfg = Debug|Any CPU
		{02CA2928-6BC6-45D8-BB2D-10E7D07B70CF}.Debug|Any CPU.Build.0 = Debug|Any CPU
		{02CA2928-6BC6-45D8-BB2D-10E7D07B70CF}.Debug|Mixed Platforms.ActiveCfg = Debug|Any CPU
		{02CA2928-6BC6-45D8-BB2D-10E7D07B70CF}.Debug|Mixed Platforms.Build.0 = Debug|Any CPU
		{02CA2928-6BC6-45D8-BB2D-10E7D07B70CF}.Debug|x86.ActiveCfg = Debug|Any CPU
		{02CA2928-6BC6-45D8-BB2D-10E7D07B70CF}.DebugConsole|Any CPU.ActiveCfg = Debug|Any CPU
		{02CA2928-6BC6-45D8-BB2D-10E7D07B70CF}.DebugConsole|Any CPU.Build.0 = Debug|Any CPU
		{02CA2928-6BC6-45D8-BB2D-10E7D07B70CF}.DebugConsole|Mixed Platforms.ActiveCfg = Debug|Any CPU
		{02CA2928-6BC6-45D8-BB2D-10E7D07B70CF}.DebugConsole|Mixed Platforms.Build.0 = Debug|Any CPU
		{02CA2928-6BC6-45D8-BB2D-10E7D07B70CF}.DebugConsole|x86.ActiveCfg = Debug|Any CPU
		{02CA2928-6BC6-45D8-BB2D-10E7D07B70CF}.Decompiler|Any CPU.ActiveCfg = Debug|Any CPU
		{02CA2928-6BC6-45D8-BB2D-10E7D07B70CF}.Decompiler|Any CPU.Build.0 = Debug|Any CPU
		{02CA2928-6BC6-45D8-BB2D-10E7D07B70CF}.Decompiler|Mixed Platforms.ActiveCfg = Debug|Any CPU
		{02CA2928-6BC6-45D8-BB2D-10E7D07B70CF}.Decompiler|x86.ActiveCfg = Debug|Any CPU
		{02CA2928-6BC6-45D8-BB2D-10E7D07B70CF}.Release|Any CPU.ActiveCfg = Release|Any CPU
		{02CA2928-6BC6-45D8-BB2D-10E7D07B70CF}.Release|Any CPU.Build.0 = Release|Any CPU
		{02CA2928-6BC6-45D8-BB2D-10E7D07B70CF}.Release|Mixed Platforms.ActiveCfg = Release|Any CPU
		{02CA2928-6BC6-45D8-BB2D-10E7D07B70CF}.Release|Mixed Platforms.Build.0 = Release|Any CPU
		{02CA2928-6BC6-45D8-BB2D-10E7D07B70CF}.Release|x86.ActiveCfg = Release|Any CPU
		{36BFBD51-FEF9-4404-A32A-DEDA95CCCFF8}.Debug|Any CPU.ActiveCfg = Debug|x86
		{36BFBD51-FEF9-4404-A32A-DEDA95CCCFF8}.Debug|Mixed Platforms.ActiveCfg = Debug|x86
		{36BFBD51-FEF9-4404-A32A-DEDA95CCCFF8}.Debug|Mixed Platforms.Build.0 = Debug|x86
		{36BFBD51-FEF9-4404-A32A-DEDA95CCCFF8}.Debug|x86.ActiveCfg = Debug|x86
		{36BFBD51-FEF9-4404-A32A-DEDA95CCCFF8}.Debug|x86.Build.0 = Debug|x86
		{36BFBD51-FEF9-4404-A32A-DEDA95CCCFF8}.DebugConsole|Any CPU.ActiveCfg = Debug|x86
		{36BFBD51-FEF9-4404-A32A-DEDA95CCCFF8}.DebugConsole|Mixed Platforms.ActiveCfg = Debug|x86
		{36BFBD51-FEF9-4404-A32A-DEDA95CCCFF8}.DebugConsole|Mixed Platforms.Build.0 = Debug|x86
		{36BFBD51-FEF9-4404-A32A-DEDA95CCCFF8}.DebugConsole|x86.ActiveCfg = Debug|x86
		{36BFBD51-FEF9-4404-A32A-DEDA95CCCFF8}.DebugConsole|x86.Build.0 = Debug|x86
		{36BFBD51-FEF9-4404-A32A-DEDA95CCCFF8}.Decompiler|Any CPU.ActiveCfg = Debug|x86
		{36BFBD51-FEF9-4404-A32A-DEDA95CCCFF8}.Decompiler|Mixed Platforms.ActiveCfg = Debug|x86
		{36BFBD51-FEF9-4404-A32A-DEDA95CCCFF8}.Decompiler|Mixed Platforms.Build.0 = Debug|x86
		{36BFBD51-FEF9-4404-A32A-DEDA95CCCFF8}.Decompiler|x86.ActiveCfg = Debug|x86
		{36BFBD51-FEF9-4404-A32A-DEDA95CCCFF8}.Decompiler|x86.Build.0 = Debug|x86
		{36BFBD51-FEF9-4404-A32A-DEDA95CCCFF8}.Release|Any CPU.ActiveCfg = Release|x86
		{36BFBD51-FEF9-4404-A32A-DEDA95CCCFF8}.Release|Mixed Platforms.ActiveCfg = Release|x86
		{36BFBD51-FEF9-4404-A32A-DEDA95CCCFF8}.Release|Mixed Platforms.Build.0 = Release|x86
		{36BFBD51-FEF9-4404-A32A-DEDA95CCCFF8}.Release|x86.ActiveCfg = Release|x86
		{36BFBD51-FEF9-4404-A32A-DEDA95CCCFF8}.Release|x86.Build.0 = Release|x86
		{A033010E-FCD5-46F7-84DD-A2876934B50C}.Debug|Any CPU.ActiveCfg = Debug|Any CPU
		{A033010E-FCD5-46F7-84DD-A2876934B50C}.Debug|Any CPU.Build.0 = Debug|Any CPU
		{A033010E-FCD5-46F7-84DD-A2876934B50C}.Debug|Mixed Platforms.ActiveCfg = Debug|Any CPU
		{A033010E-FCD5-46F7-84DD-A2876934B50C}.Debug|Mixed Platforms.Build.0 = Debug|Any CPU
		{A033010E-FCD5-46F7-84DD-A2876934B50C}.Debug|x86.ActiveCfg = Debug|Any CPU
		{A033010E-FCD5-46F7-84DD-A2876934B50C}.DebugConsole|Any CPU.ActiveCfg = Debug|Any CPU
		{A033010E-FCD5-46F7-84DD-A2876934B50C}.DebugConsole|Any CPU.Build.0 = Debug|Any CPU
		{A033010E-FCD5-46F7-84DD-A2876934B50C}.DebugConsole|Mixed Platforms.ActiveCfg = Debug|Any CPU
		{A033010E-FCD5-46F7-84DD-A2876934B50C}.DebugConsole|Mixed Platforms.Build.0 = Debug|Any CPU
		{A033010E-FCD5-46F7-84DD-A2876934B50C}.DebugConsole|x86.ActiveCfg = Debug|Any CPU
		{A033010E-FCD5-46F7-84DD-A2876934B50C}.Decompiler|Any CPU.ActiveCfg = Debug|Any CPU
		{A033010E-FCD5-46F7-84DD-A2876934B50C}.Decompiler|Any CPU.Build.0 = Debug|Any CPU
		{A033010E-FCD5-46F7-84DD-A2876934B50C}.Decompiler|Mixed Platforms.ActiveCfg = Debug|Any CPU
		{A033010E-FCD5-46F7-84DD-A2876934B50C}.Decompiler|Mixed Platforms.Build.0 = Debug|Any CPU
		{A033010E-FCD5-46F7-84DD-A2876934B50C}.Decompiler|x86.ActiveCfg = Debug|Any CPU
		{A033010E-FCD5-46F7-84DD-A2876934B50C}.Release|Any CPU.ActiveCfg = Release|Any CPU
		{A033010E-FCD5-46F7-84DD-A2876934B50C}.Release|Any CPU.Build.0 = Release|Any CPU
		{A033010E-FCD5-46F7-84DD-A2876934B50C}.Release|Mixed Platforms.ActiveCfg = Release|Any CPU
		{A033010E-FCD5-46F7-84DD-A2876934B50C}.Release|Mixed Platforms.Build.0 = Release|Any CPU
		{A033010E-FCD5-46F7-84DD-A2876934B50C}.Release|x86.ActiveCfg = Release|Any CPU
		{4DF6C28D-B7F4-4780-868C-13D127BA24CD}.Debug|Any CPU.ActiveCfg = Debug|Any CPU
		{4DF6C28D-B7F4-4780-868C-13D127BA24CD}.Debug|Any CPU.Build.0 = Debug|Any CPU
		{4DF6C28D-B7F4-4780-868C-13D127BA24CD}.Debug|Mixed Platforms.ActiveCfg = Debug|Any CPU
		{4DF6C28D-B7F4-4780-868C-13D127BA24CD}.Debug|Mixed Platforms.Build.0 = Debug|Any CPU
		{4DF6C28D-B7F4-4780-868C-13D127BA24CD}.Debug|x86.ActiveCfg = Debug|Any CPU
		{4DF6C28D-B7F4-4780-868C-13D127BA24CD}.DebugConsole|Any CPU.ActiveCfg = Debug|Any CPU
		{4DF6C28D-B7F4-4780-868C-13D127BA24CD}.DebugConsole|Any CPU.Build.0 = Debug|Any CPU
		{4DF6C28D-B7F4-4780-868C-13D127BA24CD}.DebugConsole|Mixed Platforms.ActiveCfg = Debug|Any CPU
		{4DF6C28D-B7F4-4780-868C-13D127BA24CD}.DebugConsole|Mixed Platforms.Build.0 = Debug|Any CPU
		{4DF6C28D-B7F4-4780-868C-13D127BA24CD}.DebugConsole|x86.ActiveCfg = Debug|Any CPU
		{4DF6C28D-B7F4-4780-868C-13D127BA24CD}.Decompiler|Any CPU.ActiveCfg = Debug|Any CPU
		{4DF6C28D-B7F4-4780-868C-13D127BA24CD}.Decompiler|Any CPU.Build.0 = Debug|Any CPU
		{4DF6C28D-B7F4-4780-868C-13D127BA24CD}.Decompiler|Mixed Platforms.ActiveCfg = Debug|Any CPU
		{4DF6C28D-B7F4-4780-868C-13D127BA24CD}.Decompiler|Mixed Platforms.Build.0 = Debug|Any CPU
		{4DF6C28D-B7F4-4780-868C-13D127BA24CD}.Decompiler|x86.ActiveCfg = Debug|Any CPU
		{4DF6C28D-B7F4-4780-868C-13D127BA24CD}.Release|Any CPU.ActiveCfg = Release|Any CPU
		{4DF6C28D-B7F4-4780-868C-13D127BA24CD}.Release|Any CPU.Build.0 = Release|Any CPU
		{4DF6C28D-B7F4-4780-868C-13D127BA24CD}.Release|Mixed Platforms.ActiveCfg = Release|Any CPU
		{4DF6C28D-B7F4-4780-868C-13D127BA24CD}.Release|Mixed Platforms.Build.0 = Release|Any CPU
		{4DF6C28D-B7F4-4780-868C-13D127BA24CD}.Release|x86.ActiveCfg = Release|Any CPU
		{1D46B937-0945-4904-BB0F-9993D703F8BA}.Debug|Any CPU.ActiveCfg = Debug|Any CPU
		{1D46B937-0945-4904-BB0F-9993D703F8BA}.Debug|Any CPU.Build.0 = Debug|Any CPU
		{1D46B937-0945-4904-BB0F-9993D703F8BA}.Debug|Mixed Platforms.ActiveCfg = Debug|Any CPU
		{1D46B937-0945-4904-BB0F-9993D703F8BA}.Debug|Mixed Platforms.Build.0 = Debug|Any CPU
		{1D46B937-0945-4904-BB0F-9993D703F8BA}.Debug|x86.ActiveCfg = Debug|Any CPU
		{1D46B937-0945-4904-BB0F-9993D703F8BA}.DebugConsole|Any CPU.ActiveCfg = Debug|Any CPU
		{1D46B937-0945-4904-BB0F-9993D703F8BA}.DebugConsole|Any CPU.Build.0 = Debug|Any CPU
		{1D46B937-0945-4904-BB0F-9993D703F8BA}.DebugConsole|Mixed Platforms.ActiveCfg = Debug|Any CPU
		{1D46B937-0945-4904-BB0F-9993D703F8BA}.DebugConsole|Mixed Platforms.Build.0 = Debug|Any CPU
		{1D46B937-0945-4904-BB0F-9993D703F8BA}.DebugConsole|x86.ActiveCfg = Debug|Any CPU
		{1D46B937-0945-4904-BB0F-9993D703F8BA}.Decompiler|Any CPU.ActiveCfg = Debug|Any CPU
		{1D46B937-0945-4904-BB0F-9993D703F8BA}.Decompiler|Any CPU.Build.0 = Debug|Any CPU
		{1D46B937-0945-4904-BB0F-9993D703F8BA}.Decompiler|Mixed Platforms.ActiveCfg = Debug|Any CPU
		{1D46B937-0945-4904-BB0F-9993D703F8BA}.Decompiler|Mixed Platforms.Build.0 = Debug|Any CPU
		{1D46B937-0945-4904-BB0F-9993D703F8BA}.Decompiler|x86.ActiveCfg = Debug|Any CPU
		{1D46B937-0945-4904-BB0F-9993D703F8BA}.Release|Any CPU.ActiveCfg = Release|Any CPU
		{1D46B937-0945-4904-BB0F-9993D703F8BA}.Release|Any CPU.Build.0 = Release|Any CPU
		{1D46B937-0945-4904-BB0F-9993D703F8BA}.Release|Mixed Platforms.ActiveCfg = Release|Any CPU
		{1D46B937-0945-4904-BB0F-9993D703F8BA}.Release|Mixed Platforms.Build.0 = Release|Any CPU
		{1D46B937-0945-4904-BB0F-9993D703F8BA}.Release|x86.ActiveCfg = Release|Any CPU
		{0EADFA26-FDA9-46D3-989A-F286C63A94EB}.Debug|Any CPU.ActiveCfg = Debug|x86
		{0EADFA26-FDA9-46D3-989A-F286C63A94EB}.Debug|Mixed Platforms.ActiveCfg = Debug|x86
		{0EADFA26-FDA9-46D3-989A-F286C63A94EB}.Debug|Mixed Platforms.Build.0 = Debug|x86
		{0EADFA26-FDA9-46D3-989A-F286C63A94EB}.Debug|x86.ActiveCfg = Debug|x86
		{0EADFA26-FDA9-46D3-989A-F286C63A94EB}.Debug|x86.Build.0 = Debug|x86
		{0EADFA26-FDA9-46D3-989A-F286C63A94EB}.DebugConsole|Any CPU.ActiveCfg = Debug|x86
		{0EADFA26-FDA9-46D3-989A-F286C63A94EB}.DebugConsole|Mixed Platforms.ActiveCfg = Debug|x86
		{0EADFA26-FDA9-46D3-989A-F286C63A94EB}.DebugConsole|Mixed Platforms.Build.0 = Debug|x86
		{0EADFA26-FDA9-46D3-989A-F286C63A94EB}.DebugConsole|x86.ActiveCfg = Debug|x86
		{0EADFA26-FDA9-46D3-989A-F286C63A94EB}.DebugConsole|x86.Build.0 = Debug|x86
		{0EADFA26-FDA9-46D3-989A-F286C63A94EB}.Decompiler|Any CPU.ActiveCfg = Debug|x86
		{0EADFA26-FDA9-46D3-989A-F286C63A94EB}.Decompiler|Mixed Platforms.ActiveCfg = Debug|x86
		{0EADFA26-FDA9-46D3-989A-F286C63A94EB}.Decompiler|Mixed Platforms.Build.0 = Debug|x86
		{0EADFA26-FDA9-46D3-989A-F286C63A94EB}.Decompiler|x86.ActiveCfg = Debug|x86
		{0EADFA26-FDA9-46D3-989A-F286C63A94EB}.Decompiler|x86.Build.0 = Debug|x86
		{0EADFA26-FDA9-46D3-989A-F286C63A94EB}.Release|Any CPU.ActiveCfg = Release|x86
		{0EADFA26-FDA9-46D3-989A-F286C63A94EB}.Release|Mixed Platforms.ActiveCfg = Release|x86
		{0EADFA26-FDA9-46D3-989A-F286C63A94EB}.Release|Mixed Platforms.Build.0 = Release|x86
		{0EADFA26-FDA9-46D3-989A-F286C63A94EB}.Release|x86.ActiveCfg = Release|x86
		{0EADFA26-FDA9-46D3-989A-F286C63A94EB}.Release|x86.Build.0 = Release|x86
		{248E5351-6773-4060-811E-FFE2B0C3323C}.Debug|Any CPU.ActiveCfg = Debug|Any CPU
		{248E5351-6773-4060-811E-FFE2B0C3323C}.Debug|Any CPU.Build.0 = Debug|Any CPU
		{248E5351-6773-4060-811E-FFE2B0C3323C}.Debug|Mixed Platforms.ActiveCfg = Debug|Any CPU
		{248E5351-6773-4060-811E-FFE2B0C3323C}.Debug|Mixed Platforms.Build.0 = Debug|Any CPU
		{248E5351-6773-4060-811E-FFE2B0C3323C}.Debug|x86.ActiveCfg = Debug|Any CPU
		{248E5351-6773-4060-811E-FFE2B0C3323C}.DebugConsole|Any CPU.ActiveCfg = Debug|Any CPU
		{248E5351-6773-4060-811E-FFE2B0C3323C}.DebugConsole|Any CPU.Build.0 = Debug|Any CPU
		{248E5351-6773-4060-811E-FFE2B0C3323C}.DebugConsole|Mixed Platforms.ActiveCfg = Debug|Any CPU
		{248E5351-6773-4060-811E-FFE2B0C3323C}.DebugConsole|Mixed Platforms.Build.0 = Debug|Any CPU
		{248E5351-6773-4060-811E-FFE2B0C3323C}.DebugConsole|x86.ActiveCfg = Debug|Any CPU
		{248E5351-6773-4060-811E-FFE2B0C3323C}.Decompiler|Any CPU.ActiveCfg = Debug|Any CPU
		{248E5351-6773-4060-811E-FFE2B0C3323C}.Decompiler|Any CPU.Build.0 = Debug|Any CPU
		{248E5351-6773-4060-811E-FFE2B0C3323C}.Decompiler|Mixed Platforms.ActiveCfg = Debug|Any CPU
		{248E5351-6773-4060-811E-FFE2B0C3323C}.Decompiler|Mixed Platforms.Build.0 = Debug|Any CPU
		{248E5351-6773-4060-811E-FFE2B0C3323C}.Decompiler|x86.ActiveCfg = Debug|Any CPU
		{248E5351-6773-4060-811E-FFE2B0C3323C}.Release|Any CPU.ActiveCfg = Release|Any CPU
		{248E5351-6773-4060-811E-FFE2B0C3323C}.Release|Any CPU.Build.0 = Release|Any CPU
		{248E5351-6773-4060-811E-FFE2B0C3323C}.Release|Mixed Platforms.ActiveCfg = Release|Any CPU
		{248E5351-6773-4060-811E-FFE2B0C3323C}.Release|Mixed Platforms.Build.0 = Release|Any CPU
		{248E5351-6773-4060-811E-FFE2B0C3323C}.Release|x86.ActiveCfg = Release|Any CPU
		{6DFEA17D-114C-4C2C-BDB6-E6058F07FCE1}.Debug|Any CPU.ActiveCfg = Debug|Any CPU
		{6DFEA17D-114C-4C2C-BDB6-E6058F07FCE1}.Debug|Any CPU.Build.0 = Debug|Any CPU
		{6DFEA17D-114C-4C2C-BDB6-E6058F07FCE1}.Debug|Mixed Platforms.ActiveCfg = Debug|Any CPU
		{6DFEA17D-114C-4C2C-BDB6-E6058F07FCE1}.Debug|Mixed Platforms.Build.0 = Debug|Any CPU
		{6DFEA17D-114C-4C2C-BDB6-E6058F07FCE1}.Debug|x86.ActiveCfg = Debug|Any CPU
		{6DFEA17D-114C-4C2C-BDB6-E6058F07FCE1}.DebugConsole|Any CPU.ActiveCfg = Debug|Any CPU
		{6DFEA17D-114C-4C2C-BDB6-E6058F07FCE1}.DebugConsole|Any CPU.Build.0 = Debug|Any CPU
		{6DFEA17D-114C-4C2C-BDB6-E6058F07FCE1}.DebugConsole|Mixed Platforms.ActiveCfg = Debug|Any CPU
		{6DFEA17D-114C-4C2C-BDB6-E6058F07FCE1}.DebugConsole|Mixed Platforms.Build.0 = Debug|Any CPU
		{6DFEA17D-114C-4C2C-BDB6-E6058F07FCE1}.DebugConsole|x86.ActiveCfg = Debug|Any CPU
		{6DFEA17D-114C-4C2C-BDB6-E6058F07FCE1}.Decompiler|Any CPU.ActiveCfg = Debug|Any CPU
		{6DFEA17D-114C-4C2C-BDB6-E6058F07FCE1}.Decompiler|Any CPU.Build.0 = Debug|Any CPU
		{6DFEA17D-114C-4C2C-BDB6-E6058F07FCE1}.Decompiler|Mixed Platforms.ActiveCfg = Debug|Any CPU
		{6DFEA17D-114C-4C2C-BDB6-E6058F07FCE1}.Decompiler|Mixed Platforms.Build.0 = Debug|Any CPU
		{6DFEA17D-114C-4C2C-BDB6-E6058F07FCE1}.Decompiler|x86.ActiveCfg = Debug|Any CPU
		{6DFEA17D-114C-4C2C-BDB6-E6058F07FCE1}.Release|Any CPU.ActiveCfg = Release|Any CPU
		{6DFEA17D-114C-4C2C-BDB6-E6058F07FCE1}.Release|Any CPU.Build.0 = Release|Any CPU
		{6DFEA17D-114C-4C2C-BDB6-E6058F07FCE1}.Release|Mixed Platforms.ActiveCfg = Release|Any CPU
		{6DFEA17D-114C-4C2C-BDB6-E6058F07FCE1}.Release|Mixed Platforms.Build.0 = Release|Any CPU
		{6DFEA17D-114C-4C2C-BDB6-E6058F07FCE1}.Release|x86.ActiveCfg = Release|Any CPU
		{9D020DAF-9574-453A-AD89-24DC88EC9B0C}.Debug|Any CPU.ActiveCfg = Debug|Any CPU
		{9D020DAF-9574-453A-AD89-24DC88EC9B0C}.Debug|Any CPU.Build.0 = Debug|Any CPU
		{9D020DAF-9574-453A-AD89-24DC88EC9B0C}.Debug|Mixed Platforms.ActiveCfg = Debug|Any CPU
		{9D020DAF-9574-453A-AD89-24DC88EC9B0C}.Debug|Mixed Platforms.Build.0 = Debug|Any CPU
		{9D020DAF-9574-453A-AD89-24DC88EC9B0C}.Debug|x86.ActiveCfg = Debug|Any CPU
		{9D020DAF-9574-453A-AD89-24DC88EC9B0C}.DebugConsole|Any CPU.ActiveCfg = Debug|Any CPU
		{9D020DAF-9574-453A-AD89-24DC88EC9B0C}.DebugConsole|Any CPU.Build.0 = Debug|Any CPU
		{9D020DAF-9574-453A-AD89-24DC88EC9B0C}.DebugConsole|Mixed Platforms.ActiveCfg = Debug|Any CPU
		{9D020DAF-9574-453A-AD89-24DC88EC9B0C}.DebugConsole|Mixed Platforms.Build.0 = Debug|Any CPU
		{9D020DAF-9574-453A-AD89-24DC88EC9B0C}.DebugConsole|x86.ActiveCfg = Debug|Any CPU
		{9D020DAF-9574-453A-AD89-24DC88EC9B0C}.Decompiler|Any CPU.ActiveCfg = Debug|Any CPU
		{9D020DAF-9574-453A-AD89-24DC88EC9B0C}.Decompiler|Any CPU.Build.0 = Debug|Any CPU
		{9D020DAF-9574-453A-AD89-24DC88EC9B0C}.Decompiler|Mixed Platforms.ActiveCfg = Debug|Any CPU
		{9D020DAF-9574-453A-AD89-24DC88EC9B0C}.Decompiler|Mixed Platforms.Build.0 = Debug|Any CPU
		{9D020DAF-9574-453A-AD89-24DC88EC9B0C}.Decompiler|x86.ActiveCfg = Debug|Any CPU
		{9D020DAF-9574-453A-AD89-24DC88EC9B0C}.Release|Any CPU.ActiveCfg = Release|Any CPU
		{9D020DAF-9574-453A-AD89-24DC88EC9B0C}.Release|Any CPU.Build.0 = Release|Any CPU
		{9D020DAF-9574-453A-AD89-24DC88EC9B0C}.Release|Mixed Platforms.ActiveCfg = Release|Any CPU
		{9D020DAF-9574-453A-AD89-24DC88EC9B0C}.Release|Mixed Platforms.Build.0 = Release|Any CPU
		{9D020DAF-9574-453A-AD89-24DC88EC9B0C}.Release|x86.ActiveCfg = Release|Any CPU
		{918F4C16-73F8-4304-8C20-287516A60E31}.Debug|Any CPU.ActiveCfg = Debug|Any CPU
		{918F4C16-73F8-4304-8C20-287516A60E31}.Debug|Any CPU.Build.0 = Debug|Any CPU
		{918F4C16-73F8-4304-8C20-287516A60E31}.Debug|Mixed Platforms.ActiveCfg = Debug|Any CPU
		{918F4C16-73F8-4304-8C20-287516A60E31}.Debug|Mixed Platforms.Build.0 = Debug|Any CPU
		{918F4C16-73F8-4304-8C20-287516A60E31}.Debug|x86.ActiveCfg = Debug|Any CPU
		{918F4C16-73F8-4304-8C20-287516A60E31}.DebugConsole|Any CPU.ActiveCfg = Debug|Any CPU
		{918F4C16-73F8-4304-8C20-287516A60E31}.DebugConsole|Any CPU.Build.0 = Debug|Any CPU
		{918F4C16-73F8-4304-8C20-287516A60E31}.DebugConsole|Mixed Platforms.ActiveCfg = Debug|Any CPU
		{918F4C16-73F8-4304-8C20-287516A60E31}.DebugConsole|Mixed Platforms.Build.0 = Debug|Any CPU
		{918F4C16-73F8-4304-8C20-287516A60E31}.DebugConsole|x86.ActiveCfg = Debug|Any CPU
		{918F4C16-73F8-4304-8C20-287516A60E31}.Decompiler|Any CPU.ActiveCfg = Debug|Any CPU
		{918F4C16-73F8-4304-8C20-287516A60E31}.Decompiler|Any CPU.Build.0 = Debug|Any CPU
		{918F4C16-73F8-4304-8C20-287516A60E31}.Decompiler|Mixed Platforms.ActiveCfg = Debug|Any CPU
		{918F4C16-73F8-4304-8C20-287516A60E31}.Decompiler|Mixed Platforms.Build.0 = Debug|Any CPU
		{918F4C16-73F8-4304-8C20-287516A60E31}.Decompiler|x86.ActiveCfg = Debug|Any CPU
		{918F4C16-73F8-4304-8C20-287516A60E31}.Release|Any CPU.ActiveCfg = Release|Any CPU
		{918F4C16-73F8-4304-8C20-287516A60E31}.Release|Any CPU.Build.0 = Release|Any CPU
		{918F4C16-73F8-4304-8C20-287516A60E31}.Release|Mixed Platforms.ActiveCfg = Release|Any CPU
		{918F4C16-73F8-4304-8C20-287516A60E31}.Release|Mixed Platforms.Build.0 = Release|Any CPU
		{918F4C16-73F8-4304-8C20-287516A60E31}.Release|x86.ActiveCfg = Release|Any CPU
		{3FDF1A02-B4C1-48A9-8AE1-69CBCC8F6E84}.Debug|Any CPU.ActiveCfg = Debug|Any CPU
		{3FDF1A02-B4C1-48A9-8AE1-69CBCC8F6E84}.Debug|Any CPU.Build.0 = Debug|Any CPU
		{3FDF1A02-B4C1-48A9-8AE1-69CBCC8F6E84}.Debug|Mixed Platforms.ActiveCfg = Debug|Any CPU
		{3FDF1A02-B4C1-48A9-8AE1-69CBCC8F6E84}.Debug|Mixed Platforms.Build.0 = Debug|Any CPU
		{3FDF1A02-B4C1-48A9-8AE1-69CBCC8F6E84}.Debug|x86.ActiveCfg = Debug|Any CPU
		{3FDF1A02-B4C1-48A9-8AE1-69CBCC8F6E84}.DebugConsole|Any CPU.ActiveCfg = Debug|Any CPU
		{3FDF1A02-B4C1-48A9-8AE1-69CBCC8F6E84}.DebugConsole|Any CPU.Build.0 = Debug|Any CPU
		{3FDF1A02-B4C1-48A9-8AE1-69CBCC8F6E84}.DebugConsole|Mixed Platforms.ActiveCfg = Debug|Any CPU
		{3FDF1A02-B4C1-48A9-8AE1-69CBCC8F6E84}.DebugConsole|Mixed Platforms.Build.0 = Debug|Any CPU
		{3FDF1A02-B4C1-48A9-8AE1-69CBCC8F6E84}.DebugConsole|x86.ActiveCfg = Debug|Any CPU
		{3FDF1A02-B4C1-48A9-8AE1-69CBCC8F6E84}.Decompiler|Any CPU.ActiveCfg = Debug|Any CPU
		{3FDF1A02-B4C1-48A9-8AE1-69CBCC8F6E84}.Decompiler|Any CPU.Build.0 = Debug|Any CPU
		{3FDF1A02-B4C1-48A9-8AE1-69CBCC8F6E84}.Decompiler|Mixed Platforms.ActiveCfg = Debug|Any CPU
		{3FDF1A02-B4C1-48A9-8AE1-69CBCC8F6E84}.Decompiler|Mixed Platforms.Build.0 = Debug|Any CPU
		{3FDF1A02-B4C1-48A9-8AE1-69CBCC8F6E84}.Decompiler|x86.ActiveCfg = Debug|Any CPU
		{3FDF1A02-B4C1-48A9-8AE1-69CBCC8F6E84}.Release|Any CPU.ActiveCfg = Release|Any CPU
		{3FDF1A02-B4C1-48A9-8AE1-69CBCC8F6E84}.Release|Any CPU.Build.0 = Release|Any CPU
		{3FDF1A02-B4C1-48A9-8AE1-69CBCC8F6E84}.Release|Mixed Platforms.ActiveCfg = Release|Any CPU
		{3FDF1A02-B4C1-48A9-8AE1-69CBCC8F6E84}.Release|Mixed Platforms.Build.0 = Release|Any CPU
		{3FDF1A02-B4C1-48A9-8AE1-69CBCC8F6E84}.Release|x86.ActiveCfg = Release|Any CPU
		{04E517DE-3E47-47F3-8C1A-FD0F7E6BD797}.Debug|Any CPU.ActiveCfg = Debug|Any CPU
		{04E517DE-3E47-47F3-8C1A-FD0F7E6BD797}.Debug|Any CPU.Build.0 = Debug|Any CPU
		{04E517DE-3E47-47F3-8C1A-FD0F7E6BD797}.Debug|Mixed Platforms.ActiveCfg = Debug|Any CPU
		{04E517DE-3E47-47F3-8C1A-FD0F7E6BD797}.Debug|Mixed Platforms.Build.0 = Debug|Any CPU
		{04E517DE-3E47-47F3-8C1A-FD0F7E6BD797}.Debug|x86.ActiveCfg = Debug|Any CPU
		{04E517DE-3E47-47F3-8C1A-FD0F7E6BD797}.DebugConsole|Any CPU.ActiveCfg = Debug|Any CPU
		{04E517DE-3E47-47F3-8C1A-FD0F7E6BD797}.DebugConsole|Any CPU.Build.0 = Debug|Any CPU
		{04E517DE-3E47-47F3-8C1A-FD0F7E6BD797}.DebugConsole|Mixed Platforms.ActiveCfg = Debug|Any CPU
		{04E517DE-3E47-47F3-8C1A-FD0F7E6BD797}.DebugConsole|Mixed Platforms.Build.0 = Debug|Any CPU
		{04E517DE-3E47-47F3-8C1A-FD0F7E6BD797}.DebugConsole|x86.ActiveCfg = Debug|Any CPU
		{04E517DE-3E47-47F3-8C1A-FD0F7E6BD797}.Decompiler|Any CPU.ActiveCfg = Debug|Any CPU
		{04E517DE-3E47-47F3-8C1A-FD0F7E6BD797}.Decompiler|Any CPU.Build.0 = Debug|Any CPU
		{04E517DE-3E47-47F3-8C1A-FD0F7E6BD797}.Decompiler|Mixed Platforms.ActiveCfg = Debug|Any CPU
		{04E517DE-3E47-47F3-8C1A-FD0F7E6BD797}.Decompiler|Mixed Platforms.Build.0 = Debug|Any CPU
		{04E517DE-3E47-47F3-8C1A-FD0F7E6BD797}.Decompiler|x86.ActiveCfg = Debug|Any CPU
		{04E517DE-3E47-47F3-8C1A-FD0F7E6BD797}.Release|Any CPU.ActiveCfg = Release|Any CPU
		{04E517DE-3E47-47F3-8C1A-FD0F7E6BD797}.Release|Any CPU.Build.0 = Release|Any CPU
		{04E517DE-3E47-47F3-8C1A-FD0F7E6BD797}.Release|Mixed Platforms.ActiveCfg = Release|Any CPU
		{04E517DE-3E47-47F3-8C1A-FD0F7E6BD797}.Release|Mixed Platforms.Build.0 = Release|Any CPU
		{04E517DE-3E47-47F3-8C1A-FD0F7E6BD797}.Release|x86.ActiveCfg = Release|Any CPU
		{DD27F8AB-9F60-45E7-BD8B-05E60BC122B9}.Debug|Any CPU.ActiveCfg = Debug|Any CPU
		{DD27F8AB-9F60-45E7-BD8B-05E60BC122B9}.Debug|Any CPU.Build.0 = Debug|Any CPU
		{DD27F8AB-9F60-45E7-BD8B-05E60BC122B9}.Debug|Mixed Platforms.ActiveCfg = Debug|Any CPU
		{DD27F8AB-9F60-45E7-BD8B-05E60BC122B9}.Debug|Mixed Platforms.Build.0 = Debug|Any CPU
		{DD27F8AB-9F60-45E7-BD8B-05E60BC122B9}.Debug|x86.ActiveCfg = Debug|Any CPU
		{DD27F8AB-9F60-45E7-BD8B-05E60BC122B9}.DebugConsole|Any CPU.ActiveCfg = Debug|Any CPU
		{DD27F8AB-9F60-45E7-BD8B-05E60BC122B9}.DebugConsole|Any CPU.Build.0 = Debug|Any CPU
		{DD27F8AB-9F60-45E7-BD8B-05E60BC122B9}.DebugConsole|Mixed Platforms.ActiveCfg = Debug|Any CPU
		{DD27F8AB-9F60-45E7-BD8B-05E60BC122B9}.DebugConsole|Mixed Platforms.Build.0 = Debug|Any CPU
		{DD27F8AB-9F60-45E7-BD8B-05E60BC122B9}.DebugConsole|x86.ActiveCfg = Debug|Any CPU
		{DD27F8AB-9F60-45E7-BD8B-05E60BC122B9}.Decompiler|Any CPU.ActiveCfg = Debug|Any CPU
		{DD27F8AB-9F60-45E7-BD8B-05E60BC122B9}.Decompiler|Any CPU.Build.0 = Debug|Any CPU
		{DD27F8AB-9F60-45E7-BD8B-05E60BC122B9}.Decompiler|Mixed Platforms.ActiveCfg = Debug|Any CPU
		{DD27F8AB-9F60-45E7-BD8B-05E60BC122B9}.Decompiler|Mixed Platforms.Build.0 = Debug|Any CPU
		{DD27F8AB-9F60-45E7-BD8B-05E60BC122B9}.Decompiler|x86.ActiveCfg = Debug|Any CPU
		{DD27F8AB-9F60-45E7-BD8B-05E60BC122B9}.Release|Any CPU.ActiveCfg = Release|Any CPU
		{DD27F8AB-9F60-45E7-BD8B-05E60BC122B9}.Release|Any CPU.Build.0 = Release|Any CPU
		{DD27F8AB-9F60-45E7-BD8B-05E60BC122B9}.Release|Mixed Platforms.ActiveCfg = Release|Any CPU
		{DD27F8AB-9F60-45E7-BD8B-05E60BC122B9}.Release|Mixed Platforms.Build.0 = Release|Any CPU
		{DD27F8AB-9F60-45E7-BD8B-05E60BC122B9}.Release|x86.ActiveCfg = Release|Any CPU
	EndGlobalSection
	GlobalSection(SolutionProperties) = preSolution
		HideSolutionNode = FALSE
	EndGlobalSection
	GlobalSection(NestedProjects) = preSolution
		{56EC303A-E3F8-437E-8D2A-26CF13C355C7} = {634DE322-C8B1-4043-9D68-CAE107F7BA32}
		{B5F03745-5B35-4FB8-BB01-FF3113A49BA2} = {A36ED6F9-7F49-444D-BB2D-5F5F303B7E7C}
		{C1537859-5738-4E0E-9151-91DCC476EAE3} = {A36ED6F9-7F49-444D-BB2D-5F5F303B7E7C}
		{C416E4C1-6395-48DC-847A-29A067F7A0B2} = {A36ED6F9-7F49-444D-BB2D-5F5F303B7E7C}
		{A362054C-11B0-46B9-A379-C1363D7733D3} = {634DE322-C8B1-4043-9D68-CAE107F7BA32}
		{02CA2928-6BC6-45D8-BB2D-10E7D07B70CF} = {A36ED6F9-7F49-444D-BB2D-5F5F303B7E7C}
		{0912BB4F-E534-4C5E-B7E0-67CADB396C9C} = {634DE322-C8B1-4043-9D68-CAE107F7BA32}
		{36BFBD51-FEF9-4404-A32A-DEDA95CCCFF8} = {A36ED6F9-7F49-444D-BB2D-5F5F303B7E7C}
		{A36ED6F9-7F49-444D-BB2D-5F5F303B7E7C} = {A362054C-11B0-46B9-A379-C1363D7733D3}
		{A7BF14DD-1C32-4276-B629-89ED612DC618} = {A362054C-11B0-46B9-A379-C1363D7733D3}
		{A033010E-FCD5-46F7-84DD-A2876934B50C} = {0912BB4F-E534-4C5E-B7E0-67CADB396C9C}
		{4DF6C28D-B7F4-4780-868C-13D127BA24CD} = {0912BB4F-E534-4C5E-B7E0-67CADB396C9C}
		{1D46B937-0945-4904-BB0F-9993D703F8BA} = {0912BB4F-E534-4C5E-B7E0-67CADB396C9C}
		{0EADFA26-FDA9-46D3-989A-F286C63A94EB} = {0912BB4F-E534-4C5E-B7E0-67CADB396C9C}
		{248E5351-6773-4060-811E-FFE2B0C3323C} = {A7BF14DD-1C32-4276-B629-89ED612DC618}
		{6DFEA17D-114C-4C2C-BDB6-E6058F07FCE1} = {731AB884-82D5-408B-BD6F-FB1738B2525B}
		{9D020DAF-9574-453A-AD89-24DC88EC9B0C} = {A36ED6F9-7F49-444D-BB2D-5F5F303B7E7C}
		{918F4C16-73F8-4304-8C20-287516A60E31} = {A36ED6F9-7F49-444D-BB2D-5F5F303B7E7C}
		{3FDF1A02-B4C1-48A9-8AE1-69CBCC8F6E84} = {A36ED6F9-7F49-444D-BB2D-5F5F303B7E7C}
		{04E517DE-3E47-47F3-8C1A-FD0F7E6BD797} = {A36ED6F9-7F49-444D-BB2D-5F5F303B7E7C}
		{DD27F8AB-9F60-45E7-BD8B-05E60BC122B9} = {731AB884-82D5-408B-BD6F-FB1738B2525B}
	EndGlobalSection
EndGlobal
